
Microsoft Visual Studio Solution File, Format Version 12.00
# Visual Studio Version 16
VisualStudioVersion = 16.0.29509.3
MinimumVisualStudioVersion = 10.0.40219.1
Project("{FAE04EC0-301F-11D3-BF4B-00C04F79EFBC}") = "NeuralNet", "NeuralNet\NeuralNet.csproj", "{0E97036D-129E-4552-ACA2-96B9C98CCAEE}"
EndProject
Global
	GlobalSection(SolutionConfigurationPlatforms) = preSolution
		Debug|Any CPU = Debug|Any CPU
		Release|Any CPU = Release|Any CPU
	EndGlobalSection
	GlobalSection(ProjectConfigurationPlatforms) = postSolution
		{0E97036D-129E-4552-ACA2-96B9C98CCAEE}.Debug|Any CPU.ActiveCfg = Debug|Any CPU
		{0E97036D-129E-4552-ACA2-96B9C98CCAEE}.Debug|Any CPU.Build.0 = Debug|Any CPU
		{0E97036D-129E-4552-ACA2-96B9C98CCAEE}.Release|Any CPU.ActiveCfg = Release|Any CPU
		{0E97036D-129E-4552-ACA2-96B9C98CCAEE}.Release|Any CPU.Build.0 = Release|Any CPU
	EndGlobalSection
	GlobalSection(SolutionProperties) = preSolution
		HideSolutionNode = FALSE
	EndGlobalSection
	GlobalSection(ExtensibilityGlobals) = postSolution
		SolutionGuid = {11A6E327-6FE4-44AF-82DF-7B6E9B2FEB51}
	EndGlobalSection
EndGlobal
